
Microsoft Visual Studio Solution File, Format Version 12.00
# Visual Studio Version 16
VisualStudioVersion = 16.0.29709.97
MinimumVisualStudioVersion = 10.0.40219.1
Project("{FAE04EC0-301F-11D3-BF4B-00C04F79EFBC}") = "CsSymbolyse", "CsSymbolyse.csproj", "{4709EDDD-CE12-45E2-AF1D-6FD18E785783}"
EndProject
Global
	GlobalSection(SolutionConfigurationPlatforms) = preSolution
		Debug|Any CPU = Debug|Any CPU
		Release|Any CPU = Release|Any CPU
	EndGlobalSection
	GlobalSection(ProjectConfigurationPlatforms) = postSolution
		{4709EDDD-CE12-45E2-AF1D-6FD18E785783}.Debug|Any CPU.ActiveCfg = Debug|Any CPU
		{4709EDDD-CE12-45E2-AF1D-6FD18E785783}.Debug|Any CPU.Build.0 = Debug|Any CPU
		{4709EDDD-CE12-45E2-AF1D-6FD18E785783}.Release|Any CPU.ActiveCfg = Release|Any CPU
		{4709EDDD-CE12-45E2-AF1D-6FD18E785783}.Release|Any CPU.Build.0 = Release|Any CPU
	EndGlobalSection
	GlobalSection(SolutionProperties) = preSolution
		HideSolutionNode = FALSE
	EndGlobalSection
	GlobalSection(ExtensibilityGlobals) = postSolution
		SolutionGuid = {E85B85B1-5791-4E46-A385-6BBF7B4F7852}
	EndGlobalSection
EndGlobal
